// !$*UTF8*$!
{
	archiveVersion = 1;
	classes = {
	};
	objectVersion = 51;
	objects = {

/* Begin PBXBuildFile section */
		14F03E004809D3942109E877 /* Pods_BikeApplication.framework in Frameworks */ = {isa = PBXBuildFile; fileRef = EAFA7C7E069479AF30063EAD /* Pods_BikeApplication.framework */; };
		7B0D4984240DDEA000FD5A60 /* PhotoViewController.swift in Sources */ = {isa = PBXBuildFile; fileRef = 7B0D4983240DDEA000FD5A60 /* PhotoViewController.swift */; };
		7B0D4986240DDF8500FD5A60 /* AnnotatedPhotoCell.swift in Sources */ = {isa = PBXBuildFile; fileRef = 7B0D4985240DDF8500FD5A60 /* AnnotatedPhotoCell.swift */; };
		7B0D4988240DDFBA00FD5A60 /* Photo.swift in Sources */ = {isa = PBXBuildFile; fileRef = 7B0D4987240DDFBA00FD5A60 /* Photo.swift */; };
		7B0D498A240DE01E00FD5A60 /* Photos.plist in Resources */ = {isa = PBXBuildFile; fileRef = 7B0D4989240DE01D00FD5A60 /* Photos.plist */; };
		7B0D498D240DE07C00FD5A60 /* Images.xcassets in Resources */ = {isa = PBXBuildFile; fileRef = 7B0D498B240DE07B00FD5A60 /* Images.xcassets */; };
		7B0D498E240DE07C00FD5A60 /* Photos.xcassets in Resources */ = {isa = PBXBuildFile; fileRef = 7B0D498C240DE07C00FD5A60 /* Photos.xcassets */; };
		7B292F0023FAFFDD00E656B1 /* AppDelegate.swift in Sources */ = {isa = PBXBuildFile; fileRef = 7B292EFF23FAFFDD00E656B1 /* AppDelegate.swift */; };
		7B292F0223FAFFDD00E656B1 /* SceneDelegate.swift in Sources */ = {isa = PBXBuildFile; fileRef = 7B292F0123FAFFDD00E656B1 /* SceneDelegate.swift */; };
		7B292F0423FAFFDD00E656B1 /* ViewController.swift in Sources */ = {isa = PBXBuildFile; fileRef = 7B292F0323FAFFDD00E656B1 /* ViewController.swift */; };
		7B292F0723FAFFDD00E656B1 /* Main.storyboard in Resources */ = {isa = PBXBuildFile; fileRef = 7B292F0523FAFFDD00E656B1 /* Main.storyboard */; };
		7B292F0923FAFFE000E656B1 /* Assets.xcassets in Resources */ = {isa = PBXBuildFile; fileRef = 7B292F0823FAFFE000E656B1 /* Assets.xcassets */; };
		7B292F0C23FAFFE000E656B1 /* LaunchScreen.storyboard in Resources */ = {isa = PBXBuildFile; fileRef = 7B292F0A23FAFFE000E656B1 /* LaunchScreen.storyboard */; };
		7B292F1723FB015000E656B1 /* HomeViewController.swift in Sources */ = {isa = PBXBuildFile; fileRef = 7B292F1623FB015000E656B1 /* HomeViewController.swift */; };
		7B292F1923FB015A00E656B1 /* ReigsterViewController.swift in Sources */ = {isa = PBXBuildFile; fileRef = 7B292F1823FB015A00E656B1 /* ReigsterViewController.swift */; };
		7B292F1B23FB016900E656B1 /* LoginViewController.swift in Sources */ = {isa = PBXBuildFile; fileRef = 7B292F1A23FB016900E656B1 /* LoginViewController.swift */; };
		7B292F1E23FB181400E656B1 /* Utilities.swift in Sources */ = {isa = PBXBuildFile; fileRef = 7B292F1D23FB181400E656B1 /* Utilities.swift */; };
		7B292F2423FB3EB300E656B1 /* GoogleService-Info.plist in Resources */ = {isa = PBXBuildFile; fileRef = 7B292F2323FB3EB300E656B1 /* GoogleService-Info.plist */; };
		7B292F2623FB549300E656B1 /* Constants.swift in Sources */ = {isa = PBXBuildFile; fileRef = 7B292F2523FB549300E656B1 /* Constants.swift */; };
		7B292F2923FB5A0700E656B1 /* bike.mp4 in Resources */ = {isa = PBXBuildFile; fileRef = 7B292F2823FB5A0600E656B1 /* bike.mp4 */; };
		7B292F2D23FF6AB300E656B1 /* MapViewController.swift in Sources */ = {isa = PBXBuildFile; fileRef = 7B292F2C23FF6AB300E656B1 /* MapViewController.swift */; };
		7B292F2F23FF6B0D00E656B1 /* SearchViewController.swift in Sources */ = {isa = PBXBuildFile; fileRef = 7B292F2E23FF6B0D00E656B1 /* SearchViewController.swift */; };
		7B292F3123FF6F3200E656B1 /* SettingsViewController.swift in Sources */ = {isa = PBXBuildFile; fileRef = 7B292F3023FF6F3200E656B1 /* SettingsViewController.swift */; };
		7B292F35240010B900E656B1 /* MainTabBarController.swift in Sources */ = {isa = PBXBuildFile; fileRef = 7B292F34240010B900E656B1 /* MainTabBarController.swift */; };
		7B5112B02406F237003D0EE7 /* RideTrack.storyboard in Resources */ = {isa = PBXBuildFile; fileRef = 7B5112AF2406F237003D0EE7 /* RideTrack.storyboard */; };
		7B5112B62406F2C1003D0EE7 /* CoreDataStack.swift in Sources */ = {isa = PBXBuildFile; fileRef = 7B5112B52406F2C1003D0EE7 /* CoreDataStack.swift */; };
		7B5112B92406F33B003D0EE7 /* RideDetailsViewController.swift in Sources */ = {isa = PBXBuildFile; fileRef = 7B5112B82406F33B003D0EE7 /* RideDetailsViewController.swift */; };
		7B5112BB2406F399003D0EE7 /* NewRideViewController.swift in Sources */ = {isa = PBXBuildFile; fileRef = 7B5112BA2406F399003D0EE7 /* NewRideViewController.swift */; };
		7B5112BD2406F3F0003D0EE7 /* RideHomeViewController.swift in Sources */ = {isa = PBXBuildFile; fileRef = 7B5112BC2406F3F0003D0EE7 /* RideHomeViewController.swift */; };
		7BF53369240D65A000ECD598 /* RiderTracker.xcdatamodel in Sources */ = {isa = PBXBuildFile; fileRef = 7BF53368240D65A000ECD598 /* RiderTracker.xcdatamodel */; };
		7BF5336B240D67DC00ECD598 /* StoryboardSupport.swift in Sources */ = {isa = PBXBuildFile; fileRef = 7BF5336A240D67DC00ECD598 /* StoryboardSupport.swift */; };
		7BF5336F240D7BE800ECD598 /* UnitExtensions.swift in Sources */ = {isa = PBXBuildFile; fileRef = 7BF5336E240D7BE800ECD598 /* UnitExtensions.swift */; };
		7BF53371240D7C0D00ECD598 /* FormatDisplay.swift in Sources */ = {isa = PBXBuildFile; fileRef = 7BF53370240D7C0D00ECD598 /* FormatDisplay.swift */; };
		7BF53373240D7C2F00ECD598 /* LocationManager.swift in Sources */ = {isa = PBXBuildFile; fileRef = 7BF53372240D7C2F00ECD598 /* LocationManager.swift */; };
/* End PBXBuildFile section */

/* Begin PBXFileReference section */
		7B0D4983240DDEA000FD5A60 /* PhotoViewController.swift */ = {isa = PBXFileReference; lastKnownFileType = sourcecode.swift; path = PhotoViewController.swift; sourceTree = "<group>"; };
		7B0D4985240DDF8500FD5A60 /* AnnotatedPhotoCell.swift */ = {isa = PBXFileReference; lastKnownFileType = sourcecode.swift; path = AnnotatedPhotoCell.swift; sourceTree = "<group>"; };
		7B0D4987240DDFBA00FD5A60 /* Photo.swift */ = {isa = PBXFileReference; lastKnownFileType = sourcecode.swift; path = Photo.swift; sourceTree = "<group>"; };
		7B0D4989240DE01D00FD5A60 /* Photos.plist */ = {isa = PBXFileReference; fileEncoding = 4; lastKnownFileType = text.plist.xml; path = Photos.plist; sourceTree = "<group>"; };
		7B0D498B240DE07B00FD5A60 /* Images.xcassets */ = {isa = PBXFileReference; lastKnownFileType = folder.assetcatalog; path = Images.xcassets; sourceTree = "<group>"; };
		7B0D498C240DE07C00FD5A60 /* Photos.xcassets */ = {isa = PBXFileReference; lastKnownFileType = folder.assetcatalog; path = Photos.xcassets; sourceTree = "<group>"; };
		7B292EFC23FAFFDD00E656B1 /* BikeApplication.app */ = {isa = PBXFileReference; explicitFileType = wrapper.application; includeInIndex = 0; path = BikeApplication.app; sourceTree = BUILT_PRODUCTS_DIR; };
		7B292EFF23FAFFDD00E656B1 /* AppDelegate.swift */ = {isa = PBXFileReference; lastKnownFileType = sourcecode.swift; path = AppDelegate.swift; sourceTree = "<group>"; };
		7B292F0123FAFFDD00E656B1 /* SceneDelegate.swift */ = {isa = PBXFileReference; lastKnownFileType = sourcecode.swift; path = SceneDelegate.swift; sourceTree = "<group>"; };
		7B292F0323FAFFDD00E656B1 /* ViewController.swift */ = {isa = PBXFileReference; lastKnownFileType = sourcecode.swift; path = ViewController.swift; sourceTree = "<group>"; };
		7B292F0623FAFFDD00E656B1 /* Base */ = {isa = PBXFileReference; lastKnownFileType = file.storyboard; name = Base; path = Base.lproj/Main.storyboard; sourceTree = "<group>"; };
		7B292F0823FAFFE000E656B1 /* Assets.xcassets */ = {isa = PBXFileReference; lastKnownFileType = folder.assetcatalog; path = Assets.xcassets; sourceTree = "<group>"; };
		7B292F0B23FAFFE000E656B1 /* Base */ = {isa = PBXFileReference; lastKnownFileType = file.storyboard; name = Base; path = Base.lproj/LaunchScreen.storyboard; sourceTree = "<group>"; };
		7B292F0D23FAFFE000E656B1 /* Info.plist */ = {isa = PBXFileReference; lastKnownFileType = text.plist.xml; path = Info.plist; sourceTree = "<group>"; };
		7B292F1623FB015000E656B1 /* HomeViewController.swift */ = {isa = PBXFileReference; lastKnownFileType = sourcecode.swift; path = HomeViewController.swift; sourceTree = "<group>"; };
		7B292F1823FB015A00E656B1 /* ReigsterViewController.swift */ = {isa = PBXFileReference; lastKnownFileType = sourcecode.swift; path = ReigsterViewController.swift; sourceTree = "<group>"; };
		7B292F1A23FB016900E656B1 /* LoginViewController.swift */ = {isa = PBXFileReference; lastKnownFileType = sourcecode.swift; path = LoginViewController.swift; sourceTree = "<group>"; };
		7B292F1D23FB181400E656B1 /* Utilities.swift */ = {isa = PBXFileReference; lastKnownFileType = sourcecode.swift; path = Utilities.swift; sourceTree = "<group>"; };
		7B292F2323FB3EB300E656B1 /* GoogleService-Info.plist */ = {isa = PBXFileReference; fileEncoding = 4; lastKnownFileType = text.plist.xml; path = "GoogleService-Info.plist"; sourceTree = "<group>"; };
		7B292F2523FB549300E656B1 /* Constants.swift */ = {isa = PBXFileReference; lastKnownFileType = sourcecode.swift; path = Constants.swift; sourceTree = "<group>"; };
		7B292F2823FB5A0600E656B1 /* bike.mp4 */ = {isa = PBXFileReference; lastKnownFileType = file; path = bike.mp4; sourceTree = "<group>"; };
		7B292F2C23FF6AB300E656B1 /* MapViewController.swift */ = {isa = PBXFileReference; lastKnownFileType = sourcecode.swift; path = MapViewController.swift; sourceTree = "<group>"; };
		7B292F2E23FF6B0D00E656B1 /* SearchViewController.swift */ = {isa = PBXFileReference; lastKnownFileType = sourcecode.swift; path = SearchViewController.swift; sourceTree = "<group>"; };
		7B292F3023FF6F3200E656B1 /* SettingsViewController.swift */ = {isa = PBXFileReference; lastKnownFileType = sourcecode.swift; path = SettingsViewController.swift; sourceTree = "<group>"; };
		7B292F34240010B900E656B1 /* MainTabBarController.swift */ = {isa = PBXFileReference; lastKnownFileType = sourcecode.swift; path = MainTabBarController.swift; sourceTree = "<group>"; };
		7B5112AF2406F237003D0EE7 /* RideTrack.storyboard */ = {isa = PBXFileReference; lastKnownFileType = file.storyboard; path = RideTrack.storyboard; sourceTree = "<group>"; };
		7B5112B52406F2C1003D0EE7 /* CoreDataStack.swift */ = {isa = PBXFileReference; lastKnownFileType = sourcecode.swift; path = CoreDataStack.swift; sourceTree = "<group>"; };
		7B5112B82406F33B003D0EE7 /* RideDetailsViewController.swift */ = {isa = PBXFileReference; lastKnownFileType = sourcecode.swift; path = RideDetailsViewController.swift; sourceTree = "<group>"; };
		7B5112BA2406F399003D0EE7 /* NewRideViewController.swift */ = {isa = PBXFileReference; lastKnownFileType = sourcecode.swift; path = NewRideViewController.swift; sourceTree = "<group>"; };
		7B5112BC2406F3F0003D0EE7 /* RideHomeViewController.swift */ = {isa = PBXFileReference; lastKnownFileType = sourcecode.swift; path = RideHomeViewController.swift; sourceTree = "<group>"; };
		7BF53368240D65A000ECD598 /* RiderTracker.xcdatamodel */ = {isa = PBXFileReference; lastKnownFileType = wrapper.xcdatamodel; path = RiderTracker.xcdatamodel; sourceTree = "<group>"; };
		7BF5336A240D67DC00ECD598 /* StoryboardSupport.swift */ = {isa = PBXFileReference; fileEncoding = 4; lastKnownFileType = sourcecode.swift; path = StoryboardSupport.swift; sourceTree = "<group>"; };
		7BF5336E240D7BE800ECD598 /* UnitExtensions.swift */ = {isa = PBXFileReference; lastKnownFileType = sourcecode.swift; path = UnitExtensions.swift; sourceTree = "<group>"; };
		7BF53370240D7C0D00ECD598 /* FormatDisplay.swift */ = {isa = PBXFileReference; lastKnownFileType = sourcecode.swift; path = FormatDisplay.swift; sourceTree = "<group>"; };
		7BF53372240D7C2F00ECD598 /* LocationManager.swift */ = {isa = PBXFileReference; lastKnownFileType = sourcecode.swift; path = LocationManager.swift; sourceTree = "<group>"; };
		E65A0004AD12C9F2EF6FC687 /* Pods-BikeApplication.debug.xcconfig */ = {isa = PBXFileReference; includeInIndex = 1; lastKnownFileType = text.xcconfig; name = "Pods-BikeApplication.debug.xcconfig"; path = "Target Support Files/Pods-BikeApplication/Pods-BikeApplication.debug.xcconfig"; sourceTree = "<group>"; };
		E66169277682EBD1B55364D4 /* Pods-BikeApplication.release.xcconfig */ = {isa = PBXFileReference; includeInIndex = 1; lastKnownFileType = text.xcconfig; name = "Pods-BikeApplication.release.xcconfig"; path = "Target Support Files/Pods-BikeApplication/Pods-BikeApplication.release.xcconfig"; sourceTree = "<group>"; };
		EAFA7C7E069479AF30063EAD /* Pods_BikeApplication.framework */ = {isa = PBXFileReference; explicitFileType = wrapper.framework; includeInIndex = 0; path = Pods_BikeApplication.framework; sourceTree = BUILT_PRODUCTS_DIR; };
/* End PBXFileReference section */

/* Begin PBXFrameworksBuildPhase section */
		7B292EF923FAFFDD00E656B1 /* Frameworks */ = {
			isa = PBXFrameworksBuildPhase;
			buildActionMask = 2147483647;
			files = (
				14F03E004809D3942109E877 /* Pods_BikeApplication.framework in Frameworks */,
			);
			runOnlyForDeploymentPostprocessing = 0;
		};
/* End PBXFrameworksBuildPhase section */

/* Begin PBXGroup section */
		497ED9A95A7BCE554FB4B750 /* Frameworks */ = {
			isa = PBXGroup;
			children = (
				EAFA7C7E069479AF30063EAD /* Pods_BikeApplication.framework */,
			);
			name = Frameworks;
			sourceTree = "<group>";
		};
		7B0D4982240DDE7300FD5A60 /* PhotoViewControllers */ = {
			isa = PBXGroup;
			children = (
				7B0D498B240DE07B00FD5A60 /* Images.xcassets */,
				7B0D498C240DE07C00FD5A60 /* Photos.xcassets */,
				7B0D4983240DDEA000FD5A60 /* PhotoViewController.swift */,
				7B0D4985240DDF8500FD5A60 /* AnnotatedPhotoCell.swift */,
				7B0D4989240DE01D00FD5A60 /* Photos.plist */,
				7B0D4987240DDFBA00FD5A60 /* Photo.swift */,
			);
			path = PhotoViewControllers;
			sourceTree = "<group>";
		};
		7B292EF323FAFFDD00E656B1 = {
			isa = PBXGroup;
			children = (
				7B292EFE23FAFFDD00E656B1 /* BikeApplication */,
				7B5112B42406F260003D0EE7 /* CoreData */,
				7B292EFD23FAFFDD00E656B1 /* Products */,
				E10AD855C54955DD73EF817D /* Pods */,
				497ED9A95A7BCE554FB4B750 /* Frameworks */,
			);
			sourceTree = "<group>";
		};
		7B292EFD23FAFFDD00E656B1 /* Products */ = {
			isa = PBXGroup;
			children = (
				7B292EFC23FAFFDD00E656B1 /* BikeApplication.app */,
			);
			name = Products;
			sourceTree = "<group>";
		};
		7B292EFE23FAFFDD00E656B1 /* BikeApplication */ = {
			isa = PBXGroup;
			children = (
				7B292F2723FB599200E656B1 /* Media */,
				7B292F1C23FB17DC00E656B1 /* Utility */,
				7B292F1523FB012200E656B1 /* ViewControllers */,
				7B292EFF23FAFFDD00E656B1 /* AppDelegate.swift */,
				7B292F0123FAFFDD00E656B1 /* SceneDelegate.swift */,
				7B292F0A23FAFFE000E656B1 /* LaunchScreen.storyboard */,
				7B292F0523FAFFDD00E656B1 /* Main.storyboard */,
				7B5112AF2406F237003D0EE7 /* RideTrack.storyboard */,
				7B292F0D23FAFFE000E656B1 /* Info.plist */,
				7B292F2323FB3EB300E656B1 /* GoogleService-Info.plist */,
				7B292F0823FAFFE000E656B1 /* Assets.xcassets */,
			);
			path = BikeApplication;
			sourceTree = "<group>";
		};
		7B292F1523FB012200E656B1 /* ViewControllers */ = {
			isa = PBXGroup;
			children = (
				7B0D4982240DDE7300FD5A60 /* PhotoViewControllers */,
				7B5112B72406F317003D0EE7 /* RideTrackViewControllers */,
				7B292F0323FAFFDD00E656B1 /* ViewController.swift */,
				7B292F1623FB015000E656B1 /* HomeViewController.swift */,
				7B292F1823FB015A00E656B1 /* ReigsterViewController.swift */,
				7B292F1A23FB016900E656B1 /* LoginViewController.swift */,
				7B292F2C23FF6AB300E656B1 /* MapViewController.swift */,
				7B292F2E23FF6B0D00E656B1 /* SearchViewController.swift */,
				7B292F3023FF6F3200E656B1 /* SettingsViewController.swift */,
				7B292F34240010B900E656B1 /* MainTabBarController.swift */,
			);
			path = ViewControllers;
			sourceTree = "<group>";
		};
		7B292F1C23FB17DC00E656B1 /* Utility */ = {
			isa = PBXGroup;
			children = (
				7B292F1D23FB181400E656B1 /* Utilities.swift */,
				7BF5336A240D67DC00ECD598 /* StoryboardSupport.swift */,
				7B292F2523FB549300E656B1 /* Constants.swift */,
				7BF5336E240D7BE800ECD598 /* UnitExtensions.swift */,
				7BF53370240D7C0D00ECD598 /* FormatDisplay.swift */,
			);
			path = Utility;
			sourceTree = "<group>";
		};
		7B292F2723FB599200E656B1 /* Media */ = {
			isa = PBXGroup;
			children = (
				7B292F2823FB5A0600E656B1 /* bike.mp4 */,
			);
			path = Media;
			sourceTree = "<group>";
		};
		7B5112B42406F260003D0EE7 /* CoreData */ = {
			isa = PBXGroup;
			children = (
				7BF53368240D65A000ECD598 /* RiderTracker.xcdatamodel */,
				7B5112B52406F2C1003D0EE7 /* CoreDataStack.swift */,
				7BF53372240D7C2F00ECD598 /* LocationManager.swift */,
			);
			path = CoreData;
			sourceTree = "<group>";
		};
		7B5112B72406F317003D0EE7 /* RideTrackViewControllers */ = {
			isa = PBXGroup;
			children = (
				7B5112B82406F33B003D0EE7 /* RideDetailsViewController.swift */,
				7B5112BA2406F399003D0EE7 /* NewRideViewController.swift */,
				7B5112BC2406F3F0003D0EE7 /* RideHomeViewController.swift */,
			);
			path = RideTrackViewControllers;
			sourceTree = "<group>";
		};
		E10AD855C54955DD73EF817D /* Pods */ = {
			isa = PBXGroup;
			children = (
				E65A0004AD12C9F2EF6FC687 /* Pods-BikeApplication.debug.xcconfig */,
				E66169277682EBD1B55364D4 /* Pods-BikeApplication.release.xcconfig */,
			);
			path = Pods;
			sourceTree = "<group>";
		};
/* End PBXGroup section */

/* Begin PBXNativeTarget section */
		7B292EFB23FAFFDD00E656B1 /* BikeApplication */ = {
			isa = PBXNativeTarget;
			buildConfigurationList = 7B292F1023FAFFE000E656B1 /* Build configuration list for PBXNativeTarget "BikeApplication" */;
			buildPhases = (
				5EB1B58C577AA6C3B9FD8C30 /* [CP] Check Pods Manifest.lock */,
				7B292EF823FAFFDD00E656B1 /* Sources */,
				7B292EF923FAFFDD00E656B1 /* Frameworks */,
				7B292EFA23FAFFDD00E656B1 /* Resources */,
				CA2F91D8853122F77317119A /* [CP] Embed Pods Frameworks */,
			);
			buildRules = (
			);
			dependencies = (
			);
			name = BikeApplication;
			productName = BikeApplication;
			productReference = 7B292EFC23FAFFDD00E656B1 /* BikeApplication.app */;
			productType = "com.apple.product-type.application";
		};
/* End PBXNativeTarget section */

/* Begin PBXProject section */
		7B292EF423FAFFDD00E656B1 /* Project object */ = {
			isa = PBXProject;
			attributes = {
				LastSwiftUpdateCheck = 1130;
				LastUpgradeCheck = 1130;
				ORGANIZATIONNAME = "Sam Perry";
				TargetAttributes = {
					7B292EFB23FAFFDD00E656B1 = {
						CreatedOnToolsVersion = 11.3.1;
					};
				};
			};
			buildConfigurationList = 7B292EF723FAFFDD00E656B1 /* Build configuration list for PBXProject "BikeApplication" */;
			compatibilityVersion = "Xcode 9.3";
			developmentRegion = en;
			hasScannedForEncodings = 0;
			knownRegions = (
				en,
				Base,
			);
			mainGroup = 7B292EF323FAFFDD00E656B1;
			productRefGroup = 7B292EFD23FAFFDD00E656B1 /* Products */;
			projectDirPath = "";
			projectRoot = "";
			targets = (
				7B292EFB23FAFFDD00E656B1 /* BikeApplication */,
			);
		};
/* End PBXProject section */

/* Begin PBXResourcesBuildPhase section */
		7B292EFA23FAFFDD00E656B1 /* Resources */ = {
			isa = PBXResourcesBuildPhase;
			buildActionMask = 2147483647;
			files = (
				7B292F0C23FAFFE000E656B1 /* LaunchScreen.storyboard in Resources */,
				7B0D498D240DE07C00FD5A60 /* Images.xcassets in Resources */,
				7B292F2423FB3EB300E656B1 /* GoogleService-Info.plist in Resources */,
				7B0D498A240DE01E00FD5A60 /* Photos.plist in Resources */,
				7B292F0923FAFFE000E656B1 /* Assets.xcassets in Resources */,
				7B292F2923FB5A0700E656B1 /* bike.mp4 in Resources */,
				7B5112B02406F237003D0EE7 /* RideTrack.storyboard in Resources */,
				7B292F0723FAFFDD00E656B1 /* Main.storyboard in Resources */,
				7B0D498E240DE07C00FD5A60 /* Photos.xcassets in Resources */,
			);
			runOnlyForDeploymentPostprocessing = 0;
		};
/* End PBXResourcesBuildPhase section */

/* Begin PBXShellScriptBuildPhase section */
		5EB1B58C577AA6C3B9FD8C30 /* [CP] Check Pods Manifest.lock */ = {
			isa = PBXShellScriptBuildPhase;
			buildActionMask = 2147483647;
			files = (
			);
			inputFileListPaths = (
			);
			inputPaths = (
				"${PODS_PODFILE_DIR_PATH}/Podfile.lock",
				"${PODS_ROOT}/Manifest.lock",
			);
			name = "[CP] Check Pods Manifest.lock";
			outputFileListPaths = (
			);
			outputPaths = (
				"$(DERIVED_FILE_DIR)/Pods-BikeApplication-checkManifestLockResult.txt",
			);
			runOnlyForDeploymentPostprocessing = 0;
			shellPath = /bin/sh;
			shellScript = "diff \"${PODS_PODFILE_DIR_PATH}/Podfile.lock\" \"${PODS_ROOT}/Manifest.lock\" > /dev/null\nif [ $? != 0 ] ; then\n    # print error to STDERR\n    echo \"error: The sandbox is not in sync with the Podfile.lock. Run 'pod install' or update your CocoaPods installation.\" >&2\n    exit 1\nfi\n# This output is used by Xcode 'outputs' to avoid re-running this script phase.\necho \"SUCCESS\" > \"${SCRIPT_OUTPUT_FILE_0}\"\n";
			showEnvVarsInLog = 0;
		};
		CA2F91D8853122F77317119A /* [CP] Embed Pods Frameworks */ = {
			isa = PBXShellScriptBuildPhase;
			buildActionMask = 2147483647;
			files = (
			);
			inputFileListPaths = (
				"${PODS_ROOT}/Target Support Files/Pods-BikeApplication/Pods-BikeApplication-frameworks-${CONFIGURATION}-input-files.xcfilelist",
			);
			name = "[CP] Embed Pods Frameworks";
			outputFileListPaths = (
				"${PODS_ROOT}/Target Support Files/Pods-BikeApplication/Pods-BikeApplication-frameworks-${CONFIGURATION}-output-files.xcfilelist",
			);
			runOnlyForDeploymentPostprocessing = 0;
			shellPath = /bin/sh;
			shellScript = "\"${PODS_ROOT}/Target Support Files/Pods-BikeApplication/Pods-BikeApplication-frameworks.sh\"\n";
			showEnvVarsInLog = 0;
		};
/* End PBXShellScriptBuildPhase section */

/* Begin PBXSourcesBuildPhase section */
		7B292EF823FAFFDD00E656B1 /* Sources */ = {
			isa = PBXSourcesBuildPhase;
			buildActionMask = 2147483647;
			files = (
				7B0D4988240DDFBA00FD5A60 /* Photo.swift in Sources */,
				7B5112B62406F2C1003D0EE7 /* CoreDataStack.swift in Sources */,
				7B5112BB2406F399003D0EE7 /* NewRideViewController.swift in Sources */,
				7B292F1B23FB016900E656B1 /* LoginViewController.swift in Sources */,
				7B292F2F23FF6B0D00E656B1 /* SearchViewController.swift in Sources */,
				7B5112B92406F33B003D0EE7 /* RideDetailsViewController.swift in Sources */,
				7B0D4986240DDF8500FD5A60 /* AnnotatedPhotoCell.swift in Sources */,
				7B5112BD2406F3F0003D0EE7 /* RideHomeViewController.swift in Sources */,
				7B292F1723FB015000E656B1 /* HomeViewController.swift in Sources */,
				7BF53369240D65A000ECD598 /* RiderTracker.xcdatamodel in Sources */,
				7B292F1923FB015A00E656B1 /* ReigsterViewController.swift in Sources */,
				7B292F2D23FF6AB300E656B1 /* MapViewController.swift in Sources */,
				7B292F0423FAFFDD00E656B1 /* ViewController.swift in Sources */,
				7BF5336F240D7BE800ECD598 /* UnitExtensions.swift in Sources */,
				7BF5336B240D67DC00ECD598 /* StoryboardSupport.swift in Sources */,
				7B292F0023FAFFDD00E656B1 /* AppDelegate.swift in Sources */,
				7BF53373240D7C2F00ECD598 /* LocationManager.swift in Sources */,
				7B292F35240010B900E656B1 /* MainTabBarController.swift in Sources */,
				7BF53371240D7C0D00ECD598 /* FormatDisplay.swift in Sources */,
				7B292F0223FAFFDD00E656B1 /* SceneDelegate.swift in Sources */,
				7B292F1E23FB181400E656B1 /* Utilities.swift in Sources */,
				7B292F2623FB549300E656B1 /* Constants.swift in Sources */,
				7B292F3123FF6F3200E656B1 /* SettingsViewController.swift in Sources */,
				7B0D4984240DDEA000FD5A60 /* PhotoViewController.swift in Sources */,
			);
			runOnlyForDeploymentPostprocessing = 0;
		};
/* End PBXSourcesBuildPhase section */

/* Begin PBXVariantGroup section */
		7B292F0523FAFFDD00E656B1 /* Main.storyboard */ = {
			isa = PBXVariantGroup;
			children = (
				7B292F0623FAFFDD00E656B1 /* Base */,
			);
			name = Main.storyboard;
			sourceTree = "<group>";
		};
		7B292F0A23FAFFE000E656B1 /* LaunchScreen.storyboard */ = {
			isa = PBXVariantGroup;
			children = (
				7B292F0B23FAFFE000E656B1 /* Base */,
			);
			name = LaunchScreen.storyboard;
			sourceTree = "<group>";
		};
/* End PBXVariantGroup section */

/* Begin XCBuildConfiguration section */
		7B292F0E23FAFFE000E656B1 /* Debug */ = {
			isa = XCBuildConfiguration;
			buildSettings = {
				ALWAYS_SEARCH_USER_PATHS = NO;
				CLANG_ANALYZER_NONNULL = YES;
				CLANG_ANALYZER_NUMBER_OBJECT_CONVERSION = YES_AGGRESSIVE;
				CLANG_CXX_LANGUAGE_STANDARD = "gnu++14";
				CLANG_CXX_LIBRARY = "libc++";
				CLANG_ENABLE_MODULES = YES;
				CLANG_ENABLE_OBJC_ARC = YES;
				CLANG_ENABLE_OBJC_WEAK = YES;
				CLANG_WARN_BLOCK_CAPTURE_AUTORELEASING = YES;
				CLANG_WARN_BOOL_CONVERSION = YES;
				CLANG_WARN_COMMA = YES;
				CLANG_WARN_CONSTANT_CONVERSION = YES;
				CLANG_WARN_DEPRECATED_OBJC_IMPLEMENTATIONS = YES;
				CLANG_WARN_DIRECT_OBJC_ISA_USAGE = YES_ERROR;
				CLANG_WARN_DOCUMENTATION_COMMENTS = YES;
				CLANG_WARN_EMPTY_BODY = YES;
				CLANG_WARN_ENUM_CONVERSION = YES;
				CLANG_WARN_INFINITE_RECURSION = YES;
				CLANG_WARN_INT_CONVERSION = YES;
				CLANG_WARN_NON_LITERAL_NULL_CONVERSION = YES;
				CLANG_WARN_OBJC_IMPLICIT_RETAIN_SELF = YES;
				CLANG_WARN_OBJC_LITERAL_CONVERSION = YES;
				CLANG_WARN_OBJC_ROOT_CLASS = YES_ERROR;
				CLANG_WARN_RANGE_LOOP_ANALYSIS = YES;
				CLANG_WARN_STRICT_PROTOTYPES = YES;
				CLANG_WARN_SUSPICIOUS_MOVE = YES;
				CLANG_WARN_UNGUARDED_AVAILABILITY = YES_AGGRESSIVE;
				CLANG_WARN_UNREACHABLE_CODE = YES;
				CLANG_WARN__DUPLICATE_METHOD_MATCH = YES;
				COPY_PHASE_STRIP = NO;
				DEBUG_INFORMATION_FORMAT = dwarf;
				ENABLE_STRICT_OBJC_MSGSEND = YES;
				ENABLE_TESTABILITY = YES;
				GCC_C_LANGUAGE_STANDARD = gnu11;
				GCC_DYNAMIC_NO_PIC = NO;
				GCC_NO_COMMON_BLOCKS = YES;
				GCC_OPTIMIZATION_LEVEL = 0;
				GCC_PREPROCESSOR_DEFINITIONS = (
					"DEBUG=1",
					"$(inherited)",
				);
				GCC_WARN_64_TO_32_BIT_CONVERSION = YES;
				GCC_WARN_ABOUT_RETURN_TYPE = YES_ERROR;
				GCC_WARN_UNDECLARED_SELECTOR = YES;
				GCC_WARN_UNINITIALIZED_AUTOS = YES_AGGRESSIVE;
				GCC_WARN_UNUSED_FUNCTION = YES;
				GCC_WARN_UNUSED_VARIABLE = YES;
				IPHONEOS_DEPLOYMENT_TARGET = 13.2;
				MTL_ENABLE_DEBUG_INFO = INCLUDE_SOURCE;
				MTL_FAST_MATH = YES;
				ONLY_ACTIVE_ARCH = YES;
				SDKROOT = iphoneos;
				SWIFT_ACTIVE_COMPILATION_CONDITIONS = DEBUG;
				SWIFT_OPTIMIZATION_LEVEL = "-Onone";
			};
			name = Debug;
		};
		7B292F0F23FAFFE000E656B1 /* Release */ = {
			isa = XCBuildConfiguration;
			buildSettings = {
				ALWAYS_SEARCH_USER_PATHS = NO;
				CLANG_ANALYZER_NONNULL = YES;
				CLANG_ANALYZER_NUMBER_OBJECT_CONVERSION = YES_AGGRESSIVE;
				CLANG_CXX_LANGUAGE_STANDARD = "gnu++14";
				CLANG_CXX_LIBRARY = "libc++";
				CLANG_ENABLE_MODULES = YES;
				CLANG_ENABLE_OBJC_ARC = YES;
				CLANG_ENABLE_OBJC_WEAK = YES;
				CLANG_WARN_BLOCK_CAPTURE_AUTORELEASING = YES;
				CLANG_WARN_BOOL_CONVERSION = YES;
				CLANG_WARN_COMMA = YES;
				CLANG_WARN_CONSTANT_CONVERSION = YES;
				CLANG_WARN_DEPRECATED_OBJC_IMPLEMENTATIONS = YES;
				CLANG_WARN_DIRECT_OBJC_ISA_USAGE = YES_ERROR;
				CLANG_WARN_DOCUMENTATION_COMMENTS = YES;
				CLANG_WARN_EMPTY_BODY = YES;
				CLANG_WARN_ENUM_CONVERSION = YES;
				CLANG_WARN_INFINITE_RECURSION = YES;
				CLANG_WARN_INT_CONVERSION = YES;
				CLANG_WARN_NON_LITERAL_NULL_CONVERSION = YES;
				CLANG_WARN_OBJC_IMPLICIT_RETAIN_SELF = YES;
				CLANG_WARN_OBJC_LITERAL_CONVERSION = YES;
				CLANG_WARN_OBJC_ROOT_CLASS = YES_ERROR;
				CLANG_WARN_RANGE_LOOP_ANALYSIS = YES;
				CLANG_WARN_STRICT_PROTOTYPES = YES;
				CLANG_WARN_SUSPICIOUS_MOVE = YES;
				CLANG_WARN_UNGUARDED_AVAILABILITY = YES_AGGRESSIVE;
				CLANG_WARN_UNREACHABLE_CODE = YES;
				CLANG_WARN__DUPLICATE_METHOD_MATCH = YES;
				COPY_PHASE_STRIP = NO;
				DEBUG_INFORMATION_FORMAT = "dwarf-with-dsym";
				ENABLE_NS_ASSERTIONS = NO;
				ENABLE_STRICT_OBJC_MSGSEND = YES;
				GCC_C_LANGUAGE_STANDARD = gnu11;
				GCC_NO_COMMON_BLOCKS = YES;
				GCC_WARN_64_TO_32_BIT_CONVERSION = YES;
				GCC_WARN_ABOUT_RETURN_TYPE = YES_ERROR;
				GCC_WARN_UNDECLARED_SELECTOR = YES;
				GCC_WARN_UNINITIALIZED_AUTOS = YES_AGGRESSIVE;
				GCC_WARN_UNUSED_FUNCTION = YES;
				GCC_WARN_UNUSED_VARIABLE = YES;
				IPHONEOS_DEPLOYMENT_TARGET = 13.2;
				MTL_ENABLE_DEBUG_INFO = NO;
				MTL_FAST_MATH = YES;
				SDKROOT = iphoneos;
				SWIFT_COMPILATION_MODE = wholemodule;
				SWIFT_OPTIMIZATION_LEVEL = "-O";
				VALIDATE_PRODUCT = YES;
			};
			name = Release;
		};
		7B292F1123FAFFE000E656B1 /* Debug */ = {
			isa = XCBuildConfiguration;
			baseConfigurationReference = E65A0004AD12C9F2EF6FC687 /* Pods-BikeApplication.debug.xcconfig */;
			buildSettings = {
				ASSETCATALOG_COMPILER_APPICON_NAME = AppIcon;
				CODE_SIGN_STYLE = Automatic;
				DEVELOPMENT_TEAM = D4QQ5F4288;
				INFOPLIST_FILE = BikeApplication/Info.plist;
				LD_RUNPATH_SEARCH_PATHS = (
					"$(inherited)",
					"@executable_path/Frameworks",
				);
				PRODUCT_BUNDLE_IDENTIFIER = Stperry.co.uk.BikeApplication;
				PRODUCT_NAME = "$(TARGET_NAME)";
				SWIFT_VERSION = 5.0;
				TARGETED_DEVICE_FAMILY = 1;
			};
			name = Debug;
		};
		7B292F1223FAFFE000E656B1 /* Release */ = {
			isa = XCBuildConfiguration;
			baseConfigurationReference = E66169277682EBD1B55364D4 /* Pods-BikeApplication.release.xcconfig */;
			buildSettings = {
				ASSETCATALOG_COMPILER_APPICON_NAME = AppIcon;
				CODE_SIGN_STYLE = Automatic;
				DEVELOPMENT_TEAM = D4QQ5F4288;
				INFOPLIST_FILE = BikeApplication/Info.plist;
				LD_RUNPATH_SEARCH_PATHS = (
					"$(inherited)",
					"@executable_path/Frameworks",
				);
				PRODUCT_BUNDLE_IDENTIFIER = Stperry.co.uk.BikeApplication;
				PRODUCT_NAME = "$(TARGET_NAME)";
				SWIFT_VERSION = 5.0;
				TARGETED_DEVICE_FAMILY = 1;
			};
			name = Release;
		};
/* End XCBuildConfiguration section */

/* Begin XCConfigurationList section */
		7B292EF723FAFFDD00E656B1 /* Build configuration list for PBXProject "BikeApplication" */ = {
			isa = XCConfigurationList;
			buildConfigurations = (
				7B292F0E23FAFFE000E656B1 /* Debug */,
				7B292F0F23FAFFE000E656B1 /* Release */,
			);
			defaultConfigurationIsVisible = 0;
			defaultConfigurationName = Release;
		};
		7B292F1023FAFFE000E656B1 /* Build configuration list for PBXNativeTarget "BikeApplication" */ = {
			isa = XCConfigurationList;
			buildConfigurations = (
				7B292F1123FAFFE000E656B1 /* Debug */,
				7B292F1223FAFFE000E656B1 /* Release */,
			);
			defaultConfigurationIsVisible = 0;
			defaultConfigurationName = Release;
		};
/* End XCConfigurationList section */
	};
	rootObject = 7B292EF423FAFFDD00E656B1 /* Project object */;
}
